
Microsoft Visual Studio Solution File, Format Version 12.00
# Visual Studio Version 17
VisualStudioVersion = 17.9.34728.123
MinimumVisualStudioVersion = 10.0.40219.1
Project("{FAE04EC0-301F-11D3-BF4B-00C04F79EFBC}") = "Server", "Server\Server.csproj", "{27462111-D9DB-4FDF-A6E0-8E6767061D04}"
EndProject
Global
	GlobalSection(SolutionConfigurationPlatforms) = preSolution
		Debug|Any CPU = Debug|Any CPU
		Release|Any CPU = Release|Any CPU
	EndGlobalSection
	GlobalSection(ProjectConfigurationPlatforms) = postSolution
		{27462111-D9DB-4FDF-A6E0-8E6767061D04}.Debug|Any CPU.ActiveCfg = Debug|Any CPU
		{27462111-D9DB-4FDF-A6E0-8E6767061D04}.Debug|Any CPU.Build.0 = Debug|Any CPU
		{27462111-D9DB-4FDF-A6E0-8E6767061D04}.Release|Any CPU.ActiveCfg = Release|Any CPU
		{27462111-D9DB-4FDF-A6E0-8E6767061D04}.Release|Any CPU.Build.0 = Release|Any CPU
	EndGlobalSection
	GlobalSection(SolutionProperties) = preSolution
		HideSolutionNode = FALSE
	EndGlobalSection
	GlobalSection(ExtensibilityGlobals) = postSolution
		SolutionGuid = {F575B85D-F877-4E05-B342-FE0F23A0FB5E}
	EndGlobalSection
EndGlobal
